
Microsoft Visual Studio Solution File, Format Version 12.00
# Visual Studio 15
VisualStudioVersion = 15.0.27428.2015
MinimumVisualStudioVersion = 10.0.40219.1
Project("{FAE04EC0-301F-11D3-BF4B-00C04F79EFBC}") = "bibPJTools", "bibPJTools.csproj", "{9CD59817-AFB3-4C78-B7B3-7FAB9AB3C8A0}"
EndProject
Global
	GlobalSection(SolutionConfigurationPlatforms) = preSolution
		Debug|Any CPU = Debug|Any CPU
		Release|Any CPU = Release|Any CPU
	EndGlobalSection
	GlobalSection(ProjectConfigurationPlatforms) = postSolution
		{9CD59817-AFB3-4C78-B7B3-7FAB9AB3C8A0}.Debug|Any CPU.ActiveCfg = Debug|Any CPU
		{9CD59817-AFB3-4C78-B7B3-7FAB9AB3C8A0}.Debug|Any CPU.Build.0 = Debug|Any CPU
		{9CD59817-AFB3-4C78-B7B3-7FAB9AB3C8A0}.Release|Any CPU.ActiveCfg = Release|Any CPU
		{9CD59817-AFB3-4C78-B7B3-7FAB9AB3C8A0}.Release|Any CPU.Build.0 = Release|Any CPU
	EndGlobalSection
	GlobalSection(SolutionProperties) = preSolution
		HideSolutionNode = FALSE
	EndGlobalSection
	GlobalSection(ExtensibilityGlobals) = postSolution
		SolutionGuid = {EC6A8526-125B-4A4E-A9D8-D7D34C87A968}
	EndGlobalSection
EndGlobal
